{
  "name": "micro-blog",
  "version": "0.0.1",
  "lockfileVersion": 1,
  "requires": true,
  "dependencies": {
    "marked": {
      "version": "0.3.18",
      "resolved": "https://registry.npmjs.org/marked/-/marked-0.3.18.tgz",
      "integrity": "sha512-49i2QYhfULqaXzNZpxC808PisuCTGT2fgG0zrzdCI9N3rIfAWfW0nggvbXr6zvpynZdOG5+9xNxdzP0kwZnERw=="
    }
  }
}
